// !$*UTF8*$!
{
	archiveVersion = 1;
	classes = {
	};
	objectVersion = 56;
	objects = {

/* Begin PBXBuildFile section */
		C4362FB029135112007EF7C9 /* KeychinAccess.swift in Sources */ = {isa = PBXBuildFile; fileRef = C4362FAF29135112007EF7C9 /* KeychinAccess.swift */; };
		C440E0EC2910F16900D10798 /* SignUpViewController.swift in Sources */ = {isa = PBXBuildFile; fileRef = C440E0EB2910F16900D10798 /* SignUpViewController.swift */; };
		C440E0EE2910F25D00D10798 /* LoginViewController.swift in Sources */ = {isa = PBXBuildFile; fileRef = C440E0ED2910F25D00D10798 /* LoginViewController.swift */; };
		C440E0F02910FA3A00D10798 /* SignUpCompleteViewController.swift in Sources */ = {isa = PBXBuildFile; fileRef = C440E0EF2910FA3A00D10798 /* SignUpCompleteViewController.swift */; };
		C440E0F4291109F900D10798 /* Pettri.swift in Sources */ = {isa = PBXBuildFile; fileRef = C440E0F3291109F900D10798 /* Pettri.swift */; };
		C46D758F290A05A200A83C17 /* AppDelegate.swift in Sources */ = {isa = PBXBuildFile; fileRef = C46D758E290A05A200A83C17 /* AppDelegate.swift */; };
		C46D7591290A05A200A83C17 /* SceneDelegate.swift in Sources */ = {isa = PBXBuildFile; fileRef = C46D7590290A05A200A83C17 /* SceneDelegate.swift */; };
		C46D7593290A05A200A83C17 /* ViewController.swift in Sources */ = {isa = PBXBuildFile; fileRef = C46D7592290A05A200A83C17 /* ViewController.swift */; };
		C46D7596290A05A200A83C17 /* Main.storyboard in Resources */ = {isa = PBXBuildFile; fileRef = C46D7594290A05A200A83C17 /* Main.storyboard */; };
		C46D7598290A05A200A83C17 /* Assets.xcassets in Resources */ = {isa = PBXBuildFile; fileRef = C46D7597290A05A200A83C17 /* Assets.xcassets */; };
		C46D759B290A05A200A83C17 /* LaunchScreen.storyboard in Resources */ = {isa = PBXBuildFile; fileRef = C46D7599290A05A200A83C17 /* LaunchScreen.storyboard */; };
		C46D75A6290A05A200A83C17 /* pettri_ios_sdkTests.swift in Sources */ = {isa = PBXBuildFile; fileRef = C46D75A5290A05A200A83C17 /* pettri_ios_sdkTests.swift */; };
		C46D75B0290A05A300A83C17 /* pettri_ios_sdkUITests.swift in Sources */ = {isa = PBXBuildFile; fileRef = C46D75AF290A05A300A83C17 /* pettri_ios_sdkUITests.swift */; };
		C46D75B2290A05A300A83C17 /* pettri_ios_sdkUITestsLaunchTests.swift in Sources */ = {isa = PBXBuildFile; fileRef = C46D75B1290A05A300A83C17 /* pettri_ios_sdkUITestsLaunchTests.swift */; };
		C4F86AE22911F7B700B09AD5 /* AppDatabase.swift in Sources */ = {isa = PBXBuildFile; fileRef = C4F86AE12911F7B700B09AD5 /* AppDatabase.swift */; };
		C4F86AE929122F7500B09AD5 /* RequestApi.swift in Sources */ = {isa = PBXBuildFile; fileRef = C4F86AE829122F7500B09AD5 /* RequestApi.swift */; };
/* End PBXBuildFile section */

/* Begin PBXContainerItemProxy section */
		C46D75A2290A05A200A83C17 /* PBXContainerItemProxy */ = {
			isa = PBXContainerItemProxy;
			containerPortal = C46D7583290A05A200A83C17 /* Project object */;
			proxyType = 1;
			remoteGlobalIDString = C46D758A290A05A200A83C17;
			remoteInfo = "pettri-ios-sdk";
		};
		C46D75AC290A05A300A83C17 /* PBXContainerItemProxy */ = {
			isa = PBXContainerItemProxy;
			containerPortal = C46D7583290A05A200A83C17 /* Project object */;
			proxyType = 1;
			remoteGlobalIDString = C46D758A290A05A200A83C17;
			remoteInfo = "pettri-ios-sdk";
		};
/* End PBXContainerItemProxy section */

/* Begin PBXFileReference section */
		C4362FAF29135112007EF7C9 /* KeychinAccess.swift */ = {isa = PBXFileReference; lastKnownFileType = sourcecode.swift; path = KeychinAccess.swift; sourceTree = "<group>"; };
		C440E0EB2910F16900D10798 /* SignUpViewController.swift */ = {isa = PBXFileReference; lastKnownFileType = sourcecode.swift; path = SignUpViewController.swift; sourceTree = "<group>"; };
		C440E0ED2910F25D00D10798 /* LoginViewController.swift */ = {isa = PBXFileReference; lastKnownFileType = sourcecode.swift; path = LoginViewController.swift; sourceTree = "<group>"; };
		C440E0EF2910FA3A00D10798 /* SignUpCompleteViewController.swift */ = {isa = PBXFileReference; lastKnownFileType = sourcecode.swift; path = SignUpCompleteViewController.swift; sourceTree = "<group>"; };
		C440E0F3291109F900D10798 /* Pettri.swift */ = {isa = PBXFileReference; lastKnownFileType = sourcecode.swift; path = Pettri.swift; sourceTree = "<group>"; };
		C46D758B290A05A200A83C17 /* pettri-ios-sdk.app */ = {isa = PBXFileReference; explicitFileType = wrapper.application; includeInIndex = 0; path = "pettri-ios-sdk.app"; sourceTree = BUILT_PRODUCTS_DIR; };
		C46D758E290A05A200A83C17 /* AppDelegate.swift */ = {isa = PBXFileReference; lastKnownFileType = sourcecode.swift; path = AppDelegate.swift; sourceTree = "<group>"; };
		C46D7590290A05A200A83C17 /* SceneDelegate.swift */ = {isa = PBXFileReference; lastKnownFileType = sourcecode.swift; path = SceneDelegate.swift; sourceTree = "<group>"; };
		C46D7592290A05A200A83C17 /* ViewController.swift */ = {isa = PBXFileReference; lastKnownFileType = sourcecode.swift; path = ViewController.swift; sourceTree = "<group>"; };
		C46D7595290A05A200A83C17 /* Base */ = {isa = PBXFileReference; lastKnownFileType = file.storyboard; name = Base; path = Base.lproj/Main.storyboard; sourceTree = "<group>"; };
		C46D7597290A05A200A83C17 /* Assets.xcassets */ = {isa = PBXFileReference; lastKnownFileType = folder.assetcatalog; path = Assets.xcassets; sourceTree = "<group>"; };
		C46D759A290A05A200A83C17 /* Base */ = {isa = PBXFileReference; lastKnownFileType = file.storyboard; name = Base; path = Base.lproj/LaunchScreen.storyboard; sourceTree = "<group>"; };
		C46D759C290A05A200A83C17 /* Info.plist */ = {isa = PBXFileReference; lastKnownFileType = text.plist.xml; path = Info.plist; sourceTree = "<group>"; };
		C46D75A1290A05A200A83C17 /* pettri-ios-sdkTests.xctest */ = {isa = PBXFileReference; explicitFileType = wrapper.cfbundle; includeInIndex = 0; path = "pettri-ios-sdkTests.xctest"; sourceTree = BUILT_PRODUCTS_DIR; };
		C46D75A5290A05A200A83C17 /* pettri_ios_sdkTests.swift */ = {isa = PBXFileReference; lastKnownFileType = sourcecode.swift; path = pettri_ios_sdkTests.swift; sourceTree = "<group>"; };
		C46D75AB290A05A300A83C17 /* pettri-ios-sdkUITests.xctest */ = {isa = PBXFileReference; explicitFileType = wrapper.cfbundle; includeInIndex = 0; path = "pettri-ios-sdkUITests.xctest"; sourceTree = BUILT_PRODUCTS_DIR; };
		C46D75AF290A05A300A83C17 /* pettri_ios_sdkUITests.swift */ = {isa = PBXFileReference; lastKnownFileType = sourcecode.swift; path = pettri_ios_sdkUITests.swift; sourceTree = "<group>"; };
		C46D75B1290A05A300A83C17 /* pettri_ios_sdkUITestsLaunchTests.swift */ = {isa = PBXFileReference; lastKnownFileType = sourcecode.swift; path = pettri_ios_sdkUITestsLaunchTests.swift; sourceTree = "<group>"; };
		C4F86AE12911F7B700B09AD5 /* AppDatabase.swift */ = {isa = PBXFileReference; lastKnownFileType = sourcecode.swift; path = AppDatabase.swift; sourceTree = "<group>"; };
		C4F86AE829122F7500B09AD5 /* RequestApi.swift */ = {isa = PBXFileReference; lastKnownFileType = sourcecode.swift; path = RequestApi.swift; sourceTree = "<group>"; };
/* End PBXFileReference section */

/* Begin PBXFrameworksBuildPhase section */
		C46D7588290A05A200A83C17 /* Frameworks */ = {
			isa = PBXFrameworksBuildPhase;
			buildActionMask = 2147483647;
			files = (
			);
			runOnlyForDeploymentPostprocessing = 0;
		};
		C46D759E290A05A200A83C17 /* Frameworks */ = {
			isa = PBXFrameworksBuildPhase;
			buildActionMask = 2147483647;
			files = (
			);
			runOnlyForDeploymentPostprocessing = 0;
		};
		C46D75A8290A05A300A83C17 /* Frameworks */ = {
			isa = PBXFrameworksBuildPhase;
			buildActionMask = 2147483647;
			files = (
			);
			runOnlyForDeploymentPostprocessing = 0;
		};
/* End PBXFrameworksBuildPhase section */

/* Begin PBXGroup section */
		C4362FAE291350FD007EF7C9 /* keychain */ = {
			isa = PBXGroup;
			children = (
				C4362FAF29135112007EF7C9 /* KeychinAccess.swift */,
			);
			path = keychain;
			sourceTree = "<group>";
		};
		C440E0F6291114EC00D10798 /* view */ = {
			isa = PBXGroup;
			children = (
				C46D7592290A05A200A83C17 /* ViewController.swift */,
				C440E0EB2910F16900D10798 /* SignUpViewController.swift */,
				C440E0ED2910F25D00D10798 /* LoginViewController.swift */,
				C440E0EF2910FA3A00D10798 /* SignUpCompleteViewController.swift */,
			);
			path = view;
			sourceTree = "<group>";
		};
		C440E0F72911150600D10798 /* network */ = {
			isa = PBXGroup;
			children = (
				C4F86AE829122F7500B09AD5 /* RequestApi.swift */,
			);
			path = network;
			sourceTree = "<group>";
		};
		C440E0F8291115F800D10798 /* database */ = {
			isa = PBXGroup;
			children = (
				C4F86AE12911F7B700B09AD5 /* AppDatabase.swift */,
			);
			path = database;
			sourceTree = "<group>";
		};
		C46D7582290A05A200A83C17 = {
			isa = PBXGroup;
			children = (
				C46D758D290A05A200A83C17 /* pettri-ios-sdk */,
				C46D75A4290A05A200A83C17 /* pettri-ios-sdkTests */,
				C46D75AE290A05A300A83C17 /* pettri-ios-sdkUITests */,
				C46D758C290A05A200A83C17 /* Products */,
			);
			sourceTree = "<group>";
		};
		C46D758C290A05A200A83C17 /* Products */ = {
			isa = PBXGroup;
			children = (
				C46D758B290A05A200A83C17 /* pettri-ios-sdk.app */,
				C46D75A1290A05A200A83C17 /* pettri-ios-sdkTests.xctest */,
				C46D75AB290A05A300A83C17 /* pettri-ios-sdkUITests.xctest */,
			);
			name = Products;
			sourceTree = "<group>";
		};
		C46D758D290A05A200A83C17 /* pettri-ios-sdk */ = {
			isa = PBXGroup;
			children = (
				C4362FAE291350FD007EF7C9 /* keychain */,
				C440E0F8291115F800D10798 /* database */,
				C440E0F72911150600D10798 /* network */,
				C440E0F6291114EC00D10798 /* view */,
				C46D758E290A05A200A83C17 /* AppDelegate.swift */,
				C46D7590290A05A200A83C17 /* SceneDelegate.swift */,
				C46D7594290A05A200A83C17 /* Main.storyboard */,
				C46D7597290A05A200A83C17 /* Assets.xcassets */,
				C46D7599290A05A200A83C17 /* LaunchScreen.storyboard */,
				C46D759C290A05A200A83C17 /* Info.plist */,
				C440E0F3291109F900D10798 /* Pettri.swift */,
			);
			path = "pettri-ios-sdk";
			sourceTree = "<group>";
		};
		C46D75A4290A05A200A83C17 /* pettri-ios-sdkTests */ = {
			isa = PBXGroup;
			children = (
				C46D75A5290A05A200A83C17 /* pettri_ios_sdkTests.swift */,
			);
			path = "pettri-ios-sdkTests";
			sourceTree = "<group>";
		};
		C46D75AE290A05A300A83C17 /* pettri-ios-sdkUITests */ = {
			isa = PBXGroup;
			children = (
				C46D75AF290A05A300A83C17 /* pettri_ios_sdkUITests.swift */,
				C46D75B1290A05A300A83C17 /* pettri_ios_sdkUITestsLaunchTests.swift */,
			);
			path = "pettri-ios-sdkUITests";
			sourceTree = "<group>";
		};
/* End PBXGroup section */

/* Begin PBXNativeTarget section */
		C46D758A290A05A200A83C17 /* pettri-ios-sdk */ = {
			isa = PBXNativeTarget;
			buildConfigurationList = C46D75B5290A05A300A83C17 /* Build configuration list for PBXNativeTarget "pettri-ios-sdk" */;
			buildPhases = (
				C46D7587290A05A200A83C17 /* Sources */,
				C46D7588290A05A200A83C17 /* Frameworks */,
				C46D7589290A05A200A83C17 /* Resources */,
			);
			buildRules = (
			);
			dependencies = (
			);
			name = "pettri-ios-sdk";
			productName = "pettri-ios-sdk";
			productReference = C46D758B290A05A200A83C17 /* pettri-ios-sdk.app */;
			productType = "com.apple.product-type.application";
		};
		C46D75A0290A05A200A83C17 /* pettri-ios-sdkTests */ = {
			isa = PBXNativeTarget;
			buildConfigurationList = C46D75B8290A05A300A83C17 /* Build configuration list for PBXNativeTarget "pettri-ios-sdkTests" */;
			buildPhases = (
				C46D759D290A05A200A83C17 /* Sources */,
				C46D759E290A05A200A83C17 /* Frameworks */,
				C46D759F290A05A200A83C17 /* Resources */,
			);
			buildRules = (
			);
			dependencies = (
				C46D75A3290A05A200A83C17 /* PBXTargetDependency */,
			);
			name = "pettri-ios-sdkTests";
			productName = "pettri-ios-sdkTests";
			productReference = C46D75A1290A05A200A83C17 /* pettri-ios-sdkTests.xctest */;
			productType = "com.apple.product-type.bundle.unit-test";
		};
		C46D75AA290A05A300A83C17 /* pettri-ios-sdkUITests */ = {
			isa = PBXNativeTarget;
			buildConfigurationList = C46D75BB290A05A300A83C17 /* Build configuration list for PBXNativeTarget "pettri-ios-sdkUITests" */;
			buildPhases = (
				C46D75A7290A05A300A83C17 /* Sources */,
				C46D75A8290A05A300A83C17 /* Frameworks */,
				C46D75A9290A05A300A83C17 /* Resources */,
			);
			buildRules = (
			);
			dependencies = (
				C46D75AD290A05A300A83C17 /* PBXTargetDependency */,
			);
			name = "pettri-ios-sdkUITests";
			productName = "pettri-ios-sdkUITests";
			productReference = C46D75AB290A05A300A83C17 /* pettri-ios-sdkUITests.xctest */;
			productType = "com.apple.product-type.bundle.ui-testing";
		};
/* End PBXNativeTarget section */

/* Begin PBXProject section */
		C46D7583290A05A200A83C17 /* Project object */ = {
			isa = PBXProject;
			attributes = {
				BuildIndependentTargetsInParallel = 1;
				LastSwiftUpdateCheck = 1400;
				LastUpgradeCheck = 1400;
				TargetAttributes = {
					C46D758A290A05A200A83C17 = {
						CreatedOnToolsVersion = 14.0.1;
					};
					C46D75A0290A05A200A83C17 = {
						CreatedOnToolsVersion = 14.0.1;
						TestTargetID = C46D758A290A05A200A83C17;
					};
					C46D75AA290A05A300A83C17 = {
						CreatedOnToolsVersion = 14.0.1;
						TestTargetID = C46D758A290A05A200A83C17;
					};
				};
			};
			buildConfigurationList = C46D7586290A05A200A83C17 /* Build configuration list for PBXProject "pettri-ios-sdk" */;
			compatibilityVersion = "Xcode 14.0";
			developmentRegion = en;
			hasScannedForEncodings = 0;
			knownRegions = (
				en,
				Base,
			);
			mainGroup = C46D7582290A05A200A83C17;
			productRefGroup = C46D758C290A05A200A83C17 /* Products */;
			projectDirPath = "";
			projectRoot = "";
			targets = (
				C46D758A290A05A200A83C17 /* pettri-ios-sdk */,
				C46D75A0290A05A200A83C17 /* pettri-ios-sdkTests */,
				C46D75AA290A05A300A83C17 /* pettri-ios-sdkUITests */,
			);
		};
/* End PBXProject section */

/* Begin PBXResourcesBuildPhase section */
		C46D7589290A05A200A83C17 /* Resources */ = {
			isa = PBXResourcesBuildPhase;
			buildActionMask = 2147483647;
			files = (
				C46D759B290A05A200A83C17 /* LaunchScreen.storyboard in Resources */,
				C46D7598290A05A200A83C17 /* Assets.xcassets in Resources */,
				C46D7596290A05A200A83C17 /* Main.storyboard in Resources */,
			);
			runOnlyForDeploymentPostprocessing = 0;
		};
		C46D759F290A05A200A83C17 /* Resources */ = {
			isa = PBXResourcesBuildPhase;
			buildActionMask = 2147483647;
			files = (
			);
			runOnlyForDeploymentPostprocessing = 0;
		};
		C46D75A9290A05A300A83C17 /* Resources */ = {
			isa = PBXResourcesBuildPhase;
			buildActionMask = 2147483647;
			files = (
			);
			runOnlyForDeploymentPostprocessing = 0;
		};
/* End PBXResourcesBuildPhase section */

/* Begin PBXSourcesBuildPhase section */
		C46D7587290A05A200A83C17 /* Sources */ = {
			isa = PBXSourcesBuildPhase;
			buildActionMask = 2147483647;
			files = (
				C440E0EE2910F25D00D10798 /* LoginViewController.swift in Sources */,
				C4F86AE929122F7500B09AD5 /* RequestApi.swift in Sources */,
				C440E0EC2910F16900D10798 /* SignUpViewController.swift in Sources */,
				C46D7593290A05A200A83C17 /* ViewController.swift in Sources */,
				C4F86AE22911F7B700B09AD5 /* AppDatabase.swift in Sources */,
				C46D758F290A05A200A83C17 /* AppDelegate.swift in Sources */,
				C46D7591290A05A200A83C17 /* SceneDelegate.swift in Sources */,
				C4362FB029135112007EF7C9 /* KeychinAccess.swift in Sources */,
				C440E0F4291109F900D10798 /* Pettri.swift in Sources */,
				C440E0F02910FA3A00D10798 /* SignUpCompleteViewController.swift in Sources */,
			);
			runOnlyForDeploymentPostprocessing = 0;
		};
		C46D759D290A05A200A83C17 /* Sources */ = {
			isa = PBXSourcesBuildPhase;
			buildActionMask = 2147483647;
			files = (
				C46D75A6290A05A200A83C17 /* pettri_ios_sdkTests.swift in Sources */,
			);
			runOnlyForDeploymentPostprocessing = 0;
		};
		C46D75A7290A05A300A83C17 /* Sources */ = {
			isa = PBXSourcesBuildPhase;
			buildActionMask = 2147483647;
			files = (
				C46D75B0290A05A300A83C17 /* pettri_ios_sdkUITests.swift in Sources */,
				C46D75B2290A05A300A83C17 /* pettri_ios_sdkUITestsLaunchTests.swift in Sources */,
			);
			runOnlyForDeploymentPostprocessing = 0;
		};
/* End PBXSourcesBuildPhase section */

/* Begin PBXTargetDependency section */
		C46D75A3290A05A200A83C17 /* PBXTargetDependency */ = {
			isa = PBXTargetDependency;
			target = C46D758A290A05A200A83C17 /* pettri-ios-sdk */;
			targetProxy = C46D75A2290A05A200A83C17 /* PBXContainerItemProxy */;
		};
		C46D75AD290A05A300A83C17 /* PBXTargetDependency */ = {
			isa = PBXTargetDependency;
			target = C46D758A290A05A200A83C17 /* pettri-ios-sdk */;
			targetProxy = C46D75AC290A05A300A83C17 /* PBXContainerItemProxy */;
		};
/* End PBXTargetDependency section */

/* Begin PBXVariantGroup section */
		C46D7594290A05A200A83C17 /* Main.storyboard */ = {
			isa = PBXVariantGroup;
			children = (
				C46D7595290A05A200A83C17 /* Base */,
			);
			name = Main.storyboard;
			sourceTree = "<group>";
		};
		C46D7599290A05A200A83C17 /* LaunchScreen.storyboard */ = {
			isa = PBXVariantGroup;
			children = (
				C46D759A290A05A200A83C17 /* Base */,
			);
			name = LaunchScreen.storyboard;
			sourceTree = "<group>";
		};
/* End PBXVariantGroup section */

/* Begin XCBuildConfiguration section */
		C46D75B3290A05A300A83C17 /* Debug */ = {
			isa = XCBuildConfiguration;
			buildSettings = {
				ALWAYS_SEARCH_USER_PATHS = NO;
				CLANG_ANALYZER_NONNULL = YES;
				CLANG_ANALYZER_NUMBER_OBJECT_CONVERSION = YES_AGGRESSIVE;
				CLANG_CXX_LANGUAGE_STANDARD = "gnu++20";
				CLANG_ENABLE_MODULES = YES;
				CLANG_ENABLE_OBJC_ARC = YES;
				CLANG_ENABLE_OBJC_WEAK = YES;
				CLANG_WARN_BLOCK_CAPTURE_AUTORELEASING = YES;
				CLANG_WARN_BOOL_CONVERSION = YES;
				CLANG_WARN_COMMA = YES;
				CLANG_WARN_CONSTANT_CONVERSION = YES;
				CLANG_WARN_DEPRECATED_OBJC_IMPLEMENTATIONS = YES;
				CLANG_WARN_DIRECT_OBJC_ISA_USAGE = YES_ERROR;
				CLANG_WARN_DOCUMENTATION_COMMENTS = YES;
				CLANG_WARN_EMPTY_BODY = YES;
				CLANG_WARN_ENUM_CONVERSION = YES;
				CLANG_WARN_INFINITE_RECURSION = YES;
				CLANG_WARN_INT_CONVERSION = YES;
				CLANG_WARN_NON_LITERAL_NULL_CONVERSION = YES;
				CLANG_WARN_OBJC_IMPLICIT_RETAIN_SELF = YES;
				CLANG_WARN_OBJC_LITERAL_CONVERSION = YES;
				CLANG_WARN_OBJC_ROOT_CLASS = YES_ERROR;
				CLANG_WARN_QUOTED_INCLUDE_IN_FRAMEWORK_HEADER = YES;
				CLANG_WARN_RANGE_LOOP_ANALYSIS = YES;
				CLANG_WARN_STRICT_PROTOTYPES = YES;
				CLANG_WARN_SUSPICIOUS_MOVE = YES;
				CLANG_WARN_UNGUARDED_AVAILABILITY = YES_AGGRESSIVE;
				CLANG_WARN_UNREACHABLE_CODE = YES;
				CLANG_WARN__DUPLICATE_METHOD_MATCH = YES;
				COPY_PHASE_STRIP = NO;
				DEBUG_INFORMATION_FORMAT = dwarf;
				ENABLE_STRICT_OBJC_MSGSEND = YES;
				ENABLE_TESTABILITY = YES;
				GCC_C_LANGUAGE_STANDARD = gnu11;
				GCC_DYNAMIC_NO_PIC = NO;
				GCC_NO_COMMON_BLOCKS = YES;
				GCC_OPTIMIZATION_LEVEL = 0;
				GCC_PREPROCESSOR_DEFINITIONS = (
					"DEBUG=1",
					"$(inherited)",
				);
				GCC_WARN_64_TO_32_BIT_CONVERSION = YES;
				GCC_WARN_ABOUT_RETURN_TYPE = YES_ERROR;
				GCC_WARN_UNDECLARED_SELECTOR = YES;
				GCC_WARN_UNINITIALIZED_AUTOS = YES_AGGRESSIVE;
				GCC_WARN_UNUSED_FUNCTION = YES;
				GCC_WARN_UNUSED_VARIABLE = YES;
				IPHONEOS_DEPLOYMENT_TARGET = 16.0;
				MTL_ENABLE_DEBUG_INFO = INCLUDE_SOURCE;
				MTL_FAST_MATH = YES;
				ONLY_ACTIVE_ARCH = YES;
				SDKROOT = iphoneos;
				SWIFT_ACTIVE_COMPILATION_CONDITIONS = DEBUG;
				SWIFT_OPTIMIZATION_LEVEL = "-Onone";
			};
			name = Debug;
		};
		C46D75B4290A05A300A83C17 /* Release */ = {
			isa = XCBuildConfiguration;
			buildSettings = {
				ALWAYS_SEARCH_USER_PATHS = NO;
				CLANG_ANALYZER_NONNULL = YES;
				CLANG_ANALYZER_NUMBER_OBJECT_CONVERSION = YES_AGGRESSIVE;
				CLANG_CXX_LANGUAGE_STANDARD = "gnu++20";
				CLANG_ENABLE_MODULES = YES;
				CLANG_ENABLE_OBJC_ARC = YES;
				CLANG_ENABLE_OBJC_WEAK = YES;
				CLANG_WARN_BLOCK_CAPTURE_AUTORELEASING = YES;
				CLANG_WARN_BOOL_CONVERSION = YES;
				CLANG_WARN_COMMA = YES;
				CLANG_WARN_CONSTANT_CONVERSION = YES;
				CLANG_WARN_DEPRECATED_OBJC_IMPLEMENTATIONS = YES;
				CLANG_WARN_DIRECT_OBJC_ISA_USAGE = YES_ERROR;
				CLANG_WARN_DOCUMENTATION_COMMENTS = YES;
				CLANG_WARN_EMPTY_BODY = YES;
				CLANG_WARN_ENUM_CONVERSION = YES;
				CLANG_WARN_INFINITE_RECURSION = YES;
				CLANG_WARN_INT_CONVERSION = YES;
				CLANG_WARN_NON_LITERAL_NULL_CONVERSION = YES;
				CLANG_WARN_OBJC_IMPLICIT_RETAIN_SELF = YES;
				CLANG_WARN_OBJC_LITERAL_CONVERSION = YES;
				CLANG_WARN_OBJC_ROOT_CLASS = YES_ERROR;
				CLANG_WARN_QUOTED_INCLUDE_IN_FRAMEWORK_HEADER = YES;
				CLANG_WARN_RANGE_LOOP_ANALYSIS = YES;
				CLANG_WARN_STRICT_PROTOTYPES = YES;
				CLANG_WARN_SUSPICIOUS_MOVE = YES;
				CLANG_WARN_UNGUARDED_AVAILABILITY = YES_AGGRESSIVE;
				CLANG_WARN_UNREACHABLE_CODE = YES;
				CLANG_WARN__DUPLICATE_METHOD_MATCH = YES;
				COPY_PHASE_STRIP = NO;
				DEBUG_INFORMATION_FORMAT = "dwarf-with-dsym";
				ENABLE_NS_ASSERTIONS = NO;
				ENABLE_STRICT_OBJC_MSGSEND = YES;
				GCC_C_LANGUAGE_STANDARD = gnu11;
				GCC_NO_COMMON_BLOCKS = YES;
				GCC_WARN_64_TO_32_BIT_CONVERSION = YES;
				GCC_WARN_ABOUT_RETURN_TYPE = YES_ERROR;
				GCC_WARN_UNDECLARED_SELECTOR = YES;
				GCC_WARN_UNINITIALIZED_AUTOS = YES_AGGRESSIVE;
				GCC_WARN_UNUSED_FUNCTION = YES;
				GCC_WARN_UNUSED_VARIABLE = YES;
				IPHONEOS_DEPLOYMENT_TARGET = 16.0;
				MTL_ENABLE_DEBUG_INFO = NO;
				MTL_FAST_MATH = YES;
				SDKROOT = iphoneos;
				SWIFT_COMPILATION_MODE = wholemodule;
				SWIFT_OPTIMIZATION_LEVEL = "-O";
				VALIDATE_PRODUCT = YES;
			};
			name = Release;
		};
		C46D75B6290A05A300A83C17 /* Debug */ = {
			isa = XCBuildConfiguration;
			buildSettings = {
				ASSETCATALOG_COMPILER_APPICON_NAME = AppIcon;
				ASSETCATALOG_COMPILER_GLOBAL_ACCENT_COLOR_NAME = AccentColor;
				CODE_SIGN_STYLE = Automatic;
				CURRENT_PROJECT_VERSION = 1;
				DEVELOPMENT_TEAM = 8UKLVN7QF9;
				GENERATE_INFOPLIST_FILE = YES;
				INFOPLIST_FILE = "pettri-ios-sdk/Info.plist";
				INFOPLIST_KEY_UIApplicationSupportsIndirectInputEvents = YES;
				INFOPLIST_KEY_UILaunchStoryboardName = LaunchScreen;
				INFOPLIST_KEY_UIMainStoryboardFile = Main;
				INFOPLIST_KEY_UISupportedInterfaceOrientations_iPad = "UIInterfaceOrientationPortrait UIInterfaceOrientationPortraitUpsideDown UIInterfaceOrientationLandscapeLeft UIInterfaceOrientationLandscapeRight";
				INFOPLIST_KEY_UISupportedInterfaceOrientations_iPhone = "UIInterfaceOrientationPortrait UIInterfaceOrientationLandscapeLeft UIInterfaceOrientationLandscapeRight";
				LD_RUNPATH_SEARCH_PATHS = (
					"$(inherited)",
					"@executable_path/Frameworks",
				);
				MARKETING_VERSION = 1.0;
				PRODUCT_BUNDLE_IDENTIFIER = "GnMPerformance.pettri-ios-sdk";
				PRODUCT_NAME = "$(TARGET_NAME)";
				SWIFT_EMIT_LOC_STRINGS = YES;
				SWIFT_VERSION = 5.0;
				TARGETED_DEVICE_FAMILY = "1,2";
			};
			name = Debug;
		};
		C46D75B7290A05A300A83C17 /* Release */ = {
			isa = XCBuildConfiguration;
			buildSettings = {
				ASSETCATALOG_COMPILER_APPICON_NAME = AppIcon;
				ASSETCATALOG_COMPILER_GLOBAL_ACCENT_COLOR_NAME = AccentColor;
				CODE_SIGN_STYLE = Automatic;
				CURRENT_PROJECT_VERSION = 1;
				DEVELOPMENT_TEAM = 8UKLVN7QF9;
				GENERATE_INFOPLIST_FILE = YES;
				INFOPLIST_FILE = "pettri-ios-sdk/Info.plist";
				INFOPLIST_KEY_UIApplicationSupportsIndirectInputEvents = YES;
				INFOPLIST_KEY_UILaunchStoryboardName = LaunchScreen;
				INFOPLIST_KEY_UIMainStoryboardFile = Main;
				INFOPLIST_KEY_UISupportedInterfaceOrientations_iPad = "UIInterfaceOrientationPortrait UIInterfaceOrientationPortraitUpsideDown UIInterfaceOrientationLandscapeLeft UIInterfaceOrientationLandscapeRight";
				INFOPLIST_KEY_UISupportedInterfaceOrientations_iPhone = "UIInterfaceOrientationPortrait UIInterfaceOrientationLandscapeLeft UIInterfaceOrientationLandscapeRight";
				LD_RUNPATH_SEARCH_PATHS = (
					"$(inherited)",
					"@executable_path/Frameworks",
				);
				MARKETING_VERSION = 1.0;
				PRODUCT_BUNDLE_IDENTIFIER = "GnMPerformance.pettri-ios-sdk";
				PRODUCT_NAME = "$(TARGET_NAME)";
				SWIFT_EMIT_LOC_STRINGS = YES;
				SWIFT_VERSION = 5.0;
				TARGETED_DEVICE_FAMILY = "1,2";
			};
			name = Release;
		};
		C46D75B9290A05A300A83C17 /* Debug */ = {
			isa = XCBuildConfiguration;
			buildSettings = {
				ALWAYS_EMBED_SWIFT_STANDARD_LIBRARIES = YES;
				BUNDLE_LOADER = "$(TEST_HOST)";
				CODE_SIGN_STYLE = Automatic;
				CURRENT_PROJECT_VERSION = 1;
				DEVELOPMENT_TEAM = 8UKLVN7QF9;
				GENERATE_INFOPLIST_FILE = YES;
				IPHONEOS_DEPLOYMENT_TARGET = 16.0;
				MARKETING_VERSION = 1.0;
				PRODUCT_BUNDLE_IDENTIFIER = "GnMPerformance.pettri-ios-sdkTests";
				PRODUCT_NAME = "$(TARGET_NAME)";
				SWIFT_EMIT_LOC_STRINGS = NO;
				SWIFT_VERSION = 5.0;
				TARGETED_DEVICE_FAMILY = "1,2";
				TEST_HOST = "$(BUILT_PRODUCTS_DIR)/pettri-ios-sdk.app/$(BUNDLE_EXECUTABLE_FOLDER_PATH)/pettri-ios-sdk";
			};
			name = Debug;
		};
		C46D75BA290A05A300A83C17 /* Release */ = {
			isa = XCBuildConfiguration;
			buildSettings = {
				ALWAYS_EMBED_SWIFT_STANDARD_LIBRARIES = YES;
				BUNDLE_LOADER = "$(TEST_HOST)";
				CODE_SIGN_STYLE = Automatic;
				CURRENT_PROJECT_VERSION = 1;
				DEVELOPMENT_TEAM = 8UKLVN7QF9;
				GENERATE_INFOPLIST_FILE = YES;
				IPHONEOS_DEPLOYMENT_TARGET = 16.0;
				MARKETING_VERSION = 1.0;
				PRODUCT_BUNDLE_IDENTIFIER = "GnMPerformance.pettri-ios-sdkTests";
				PRODUCT_NAME = "$(TARGET_NAME)";
				SWIFT_EMIT_LOC_STRINGS = NO;
				SWIFT_VERSION = 5.0;
				TARGETED_DEVICE_FAMILY = "1,2";
				TEST_HOST = "$(BUILT_PRODUCTS_DIR)/pettri-ios-sdk.app/$(BUNDLE_EXECUTABLE_FOLDER_PATH)/pettri-ios-sdk";
			};
			name = Release;
		};
		C46D75BC290A05A300A83C17 /* Debug */ = {
			isa = XCBuildConfiguration;
			buildSettings = {
				ALWAYS_EMBED_SWIFT_STANDARD_LIBRARIES = YES;
				CODE_SIGN_STYLE = Automatic;
				CURRENT_PROJECT_VERSION = 1;
				DEVELOPMENT_TEAM = 8UKLVN7QF9;
				GENERATE_INFOPLIST_FILE = YES;
				MARKETING_VERSION = 1.0;
				PRODUCT_BUNDLE_IDENTIFIER = "GnMPerformance.pettri-ios-sdkUITests";
				PRODUCT_NAME = "$(TARGET_NAME)";
				SWIFT_EMIT_LOC_STRINGS = NO;
				SWIFT_VERSION = 5.0;
				TARGETED_DEVICE_FAMILY = "1,2";
				TEST_TARGET_NAME = "pettri-ios-sdk";
			};
			name = Debug;
		};
		C46D75BD290A05A300A83C17 /* Release */ = {
			isa = XCBuildConfiguration;
			buildSettings = {
				ALWAYS_EMBED_SWIFT_STANDARD_LIBRARIES = YES;
				CODE_SIGN_STYLE = Automatic;
				CURRENT_PROJECT_VERSION = 1;
				DEVELOPMENT_TEAM = 8UKLVN7QF9;
				GENERATE_INFOPLIST_FILE = YES;
				MARKETING_VERSION = 1.0;
				PRODUCT_BUNDLE_IDENTIFIER = "GnMPerformance.pettri-ios-sdkUITests";
				PRODUCT_NAME = "$(TARGET_NAME)";
				SWIFT_EMIT_LOC_STRINGS = NO;
				SWIFT_VERSION = 5.0;
				TARGETED_DEVICE_FAMILY = "1,2";
				TEST_TARGET_NAME = "pettri-ios-sdk";
			};
			name = Release;
		};
/* End XCBuildConfiguration section */

/* Begin XCConfigurationList section */
		C46D7586290A05A200A83C17 /* Build configuration list for PBXProject "pettri-ios-sdk" */ = {
			isa = XCConfigurationList;
			buildConfigurations = (
				C46D75B3290A05A300A83C17 /* Debug */,
				C46D75B4290A05A300A83C17 /* Release */,
			);
			defaultConfigurationIsVisible = 0;
			defaultConfigurationName = Release;
		};
		C46D75B5290A05A300A83C17 /* Build configuration list for PBXNativeTarget "pettri-ios-sdk" */ = {
			isa = XCConfigurationList;
			buildConfigurations = (
				C46D75B6290A05A300A83C17 /* Debug */,
				C46D75B7290A05A300A83C17 /* Release */,
			);
			defaultConfigurationIsVisible = 0;
			defaultConfigurationName = Release;
		};
		C46D75B8290A05A300A83C17 /* Build configuration list for PBXNativeTarget "pettri-ios-sdkTests" */ = {
			isa = XCConfigurationList;
			buildConfigurations = (
				C46D75B9290A05A300A83C17 /* Debug */,
				C46D75BA290A05A300A83C17 /* Release */,
			);
			defaultConfigurationIsVisible = 0;
			defaultConfigurationName = Release;
		};
		C46D75BB290A05A300A83C17 /* Build configuration list for PBXNativeTarget "pettri-ios-sdkUITests" */ = {
			isa = XCConfigurationList;
			buildConfigurations = (
				C46D75BC290A05A300A83C17 /* Debug */,
				C46D75BD290A05A300A83C17 /* Release */,
			);
			defaultConfigurationIsVisible = 0;
			defaultConfigurationName = Release;
		};
/* End XCConfigurationList section */
	};
	rootObject = C46D7583290A05A200A83C17 /* Project object */;
}
